{
  "name": "airmeiz-site",
  "version": "1.0.0",
  "lockfileVersion": 3,
  "requires": true,
  "packages": {
    "": {
      "name": "airmeiz-site",
      "version": "1.0.0",
      "devDependencies": {
        "@21st-extension/toolbar": "^0.5.14"
      }
    },
    "node_modules/@21st-extension/toolbar": {
      "version": "0.5.14",
      "resolved": "https://registry.npmjs.org/@21st-extension/toolbar/-/toolbar-0.5.14.tgz",
      "integrity": "sha512-1ou6TQGrhPtdS8YtsmBTSzfx7aOhqGccbFaHFNHhwpqf5vIfXJm3qCsnzJ7VRGIT5D596QEEsRTEqj4DEmWMXA==",
      "dev": true,
      "license": "AGPL-3.0-only",
      "dependencies": {
        "@radix-ui/react-hover-card": "^1.1.13",
        "@supabase/supabase-js": "^2.50.1",
        "@tanstack/react-query": "^5.81.5",
        "framer-motion": "^12.19.1",
        "qss": "^3.0.0"
      }
    },
    "node_modules/@floating-ui/core": {
      "version": "1.7.4",
      "resolved": "https://registry.npmjs.org/@floating-ui/core/-/core-1.7.4.tgz",
      "integrity": "sha512-C3HlIdsBxszvm5McXlB8PeOEWfBhcGBTZGkGlWc2U0KFY5IwG5OQEuQ8rq52DZmcHDlPLd+YFBK+cZcytwIFWg==",
      "dev": true,
      "license": "MIT",
      "dependencies": {
        "@floating-ui/utils": "^0.2.10"
      }
    },
    "node_modules/@floating-ui/dom": {
      "version": "1.7.5",
      "resolved": "https://registry.npmjs.org/@floating-ui/dom/-/dom-1.7.5.tgz",
      "integrity": "sha512-N0bD2kIPInNHUHehXhMke1rBGs1dwqvC9O9KYMyyjK7iXt7GAhnro7UlcuYcGdS/yYOlq0MAVgrow8IbWJwyqg==",
      "dev": true,
      "license": "MIT",
      "dependencies": {
        "@floating-ui/core": "^1.7.4",
        "@floating-ui/utils": "^0.2.10"
      }
    },
    "node_modules/@floating-ui/react-dom": {
      "version": "2.1.7",
      "resolved": "https://registry.npmjs.org/@floating-ui/react-dom/-/react-dom-2.1.7.tgz",
      "integrity": "sha512-0tLRojf/1Go2JgEVm+3Frg9A3IW8bJgKgdO0BN5RkF//ufuz2joZM63Npau2ff3J6lUVYgDSNzNkR+aH3IVfjg==",
      "dev": true,
      "license": "MIT",
      "dependencies": {
        "@floating-ui/dom": "^1.7.5"
      },
      "peerDependencies": {
        "react": ">=16.8.0",
        "react-dom": ">=16.8.0"
      }
    },
    "node_modules/@floating-ui/utils": {
      "version": "0.2.10",
      "resolved": "https://registry.npmjs.org/@floating-ui/utils/-/utils-0.2.10.tgz",
      "integrity": "sha512-aGTxbpbg8/b5JfU1HXSrbH3wXZuLPJcNEcZQFMxLs3oSzgtVu6nFPkbbGGUvBcUjKV2YyB9Wxxabo+HEH9tcRQ==",
      "dev": true,
      "license": "MIT"
    },
    "node_modules/@radix-ui/primitive": {
      "version": "1.1.3",
      "resolved": "https://registry.npmjs.org/@radix-ui/primitive/-/primitive-1.1.3.tgz",
      "integrity": "sha512-JTF99U/6XIjCBo0wqkU5sK10glYe27MRRsfwoiq5zzOEZLHU3A3KCMa5X/azekYRCJ0HlwI0crAXS/5dEHTzDg==",
      "dev": true,
      "license": "MIT"
    },
    "node_modules/@radix-ui/react-arrow": {
      "version": "1.1.7",
      "resolved": "https://registry.npmjs.org/@radix-ui/react-arrow/-/react-arrow-1.1.7.tgz",
      "integrity": "sha512-F+M1tLhO+mlQaOWspE8Wstg+z6PwxwRd8oQ8IXceWz92kfAmalTRf0EjrouQeo7QssEPfCn05B4Ihs1K9WQ/7w==",
      "dev": true,
      "license": "MIT",
      "dependencies": {
        "@radix-ui/react-primitive": "2.1.3"
      },
      "peerDependencies": {
        "@types/react": "*",
        "@types/react-dom": "*",
        "react": "^16.8 || ^17.0 || ^18.0 || ^19.0 || ^19.0.0-rc",
        "react-dom": "^16.8 || ^17.0 || ^18.0 || ^19.0 || ^19.0.0-rc"
      },
      "peerDependenciesMeta": {
        "@types/react": {
          "optional": true
        },
        "@types/react-dom": {
          "optional": true
        }
      }
    },
    "node_modules/@radix-ui/react-compose-refs": {
      "version": "1.1.2",
      "resolved": "https://registry.npmjs.org/@radix-ui/react-compose-refs/-/react-compose-refs-1.1.2.tgz",
      "integrity": "sha512-z4eqJvfiNnFMHIIvXP3CY57y2WJs5g2v3X0zm9mEJkrkNv4rDxu+sg9Jh8EkXyeqBkB7SOcboo9dMVqhyrACIg==",
      "dev": true,
      "license": "MIT",
      "peerDependencies": {
        "@types/react": "*",
        "react": "^16.8 || ^17.0 || ^18.0 || ^19.0 || ^19.0.0-rc"
      },
      "peerDependenciesMeta": {
        "@types/react": {
          "optional": true
        }
      }
    },
    "node_modules/@radix-ui/react-context": {
      "version": "1.1.2",
      "resolved": "https://registry.npmjs.org/@radix-ui/react-context/-/react-context-1.1.2.tgz",
      "integrity": "sha512-jCi/QKUM2r1Ju5a3J64TH2A5SpKAgh0LpknyqdQ4m6DCV0xJ2HG1xARRwNGPQfi1SLdLWZ1OJz6F4OMBBNiGJA==",
      "dev": true,
      "license": "MIT",
      "peerDependencies": {
        "@types/react": "*",
        "react": "^16.8 || ^17.0 || ^18.0 || ^19.0 || ^19.0.0-rc"
      },
      "peerDependenciesMeta": {
        "@types/react": {
          "optional": true
        }
      }
    },
    "node_modules/@radix-ui/react-dismissable-layer": {
      "version": "1.1.11",
      "resolved": "https://registry.npmjs.org/@radix-ui/react-dismissable-layer/-/react-dismissable-layer-1.1.11.tgz",
      "integrity": "sha512-Nqcp+t5cTB8BinFkZgXiMJniQH0PsUt2k51FUhbdfeKvc4ACcG2uQniY/8+h1Yv6Kza4Q7lD7PQV0z0oicE0Mg==",
      "dev": true,
      "license": "MIT",
      "dependencies": {
        "@radix-ui/primitive": "1.1.3",
        "@radix-ui/react-compose-refs": "1.1.2",
        "@radix-ui/react-primitive": "2.1.3",
        "@radix-ui/react-use-callback-ref": "1.1.1",
        "@radix-ui/react-use-escape-keydown": "1.1.1"
      },
      "peerDependencies": {
        "@types/react": "*",
        "@types/react-dom": "*",
        "react": "^16.8 || ^17.0 || ^18.0 || ^19.0 || ^19.0.0-rc",
        "react-dom": "^16.8 || ^17.0 || ^18.0 || ^19.0 || ^19.0.0-rc"
      },
      "peerDependenciesMeta": {
        "@types/react": {
          "optional": true
        },
        "@types/react-dom": {
          "optional": true
        }
      }
    },
    "node_modules/@radix-ui/react-hover-card": {
      "version": "1.1.15",
      "resolved": "https://registry.npmjs.org/@radix-ui/react-hover-card/-/react-hover-card-1.1.15.tgz",
      "integrity": "sha512-qgTkjNT1CfKMoP0rcasmlH2r1DAiYicWsDsufxl940sT2wHNEWWv6FMWIQXWhVdmC1d/HYfbhQx60KYyAtKxjg==",
      "dev": true,
      "license": "MIT",
      "dependencies": {
        "@radix-ui/primitive": "1.1.3",
        "@radix-ui/react-compose-refs": "1.1.2",
        "@radix-ui/react-context": "1.1.2",
        "@radix-ui/react-dismissable-layer": "1.1.11",
        "@radix-ui/react-popper": "1.2.8",
        "@radix-ui/react-portal": "1.1.9",
        "@radix-ui/react-presence": "1.1.5",
        "@radix-ui/react-primitive": "2.1.3",
        "@radix-ui/react-use-controllable-state": "1.2.2"
      },
      "peerDependencies": {
        "@types/react": "*",
        "@types/react-dom": "*",
        "react": "^16.8 || ^17.0 || ^18.0 || ^19.0 || ^19.0.0-rc",
        "react-dom": "^16.8 || ^17.0 || ^18.0 || ^19.0 || ^19.0.0-rc"
      },
      "peerDependenciesMeta": {
        "@types/react": {
          "optional": true
        },
        "@types/react-dom": {
          "optional": true
        }
      }
    },
    "node_modules/@radix-ui/react-popper": {
      "version": "1.2.8",
      "resolved": "https://registry.npmjs.org/@radix-ui/react-popper/-/react-popper-1.2.8.tgz",
      "integrity": "sha512-0NJQ4LFFUuWkE7Oxf0htBKS6zLkkjBH+hM1uk7Ng705ReR8m/uelduy1DBo0PyBXPKVnBA6YBlU94MBGXrSBCw==",
      "dev": true,
      "license": "MIT",
      "dependencies": {
        "@floating-ui/react-dom": "^2.0.0",
        "@radix-ui/react-arrow": "1.1.7",
        "@radix-ui/react-compose-refs": "1.1.2",
        "@radix-ui/react-context": "1.1.2",
        "@radix-ui/react-primitive": "2.1.3",
        "@radix-ui/react-use-callback-ref": "1.1.1",
        "@radix-ui/react-use-layout-effect": "1.1.1",
        "@radix-ui/react-use-rect": "1.1.1",
        "@radix-ui/react-use-size": "1.1.1",
        "@radix-ui/rect": "1.1.1"
      },
      "peerDependencies": {
        "@types/react": "*",
        "@types/react-dom": "*",
        "react": "^16.8 || ^17.0 || ^18.0 || ^19.0 || ^19.0.0-rc",
        "react-dom": "^16.8 || ^17.0 || ^18.0 || ^19.0 || ^19.0.0-rc"
      },
      "peerDependenciesMeta": {
        "@types/react": {
          "optional": true
        },
        "@types/react-dom": {
          "optional": true
        }
      }
    },
    "node_modules/@radix-ui/react-portal": {
      "version": "1.1.9",
      "resolved": "https://registry.npmjs.org/@radix-ui/react-portal/-/react-portal-1.1.9.tgz",
      "integrity": "sha512-bpIxvq03if6UNwXZ+HTK71JLh4APvnXntDc6XOX8UVq4XQOVl7lwok0AvIl+b8zgCw3fSaVTZMpAPPagXbKmHQ==",
      "dev": true,
      "license": "MIT",
      "dependencies": {
        "@radix-ui/react-primitive": "2.1.3",
        "@radix-ui/react-use-layout-effect": "1.1.1"
      },
      "peerDependencies": {
        "@types/react": "*",
        "@types/react-dom": "*",
        "react": "^16.8 || ^17.0 || ^18.0 || ^19.0 || ^19.0.0-rc",
        "react-dom": "^16.8 || ^17.0 || ^18.0 || ^19.0 || ^19.0.0-rc"
      },
      "peerDependenciesMeta": {
        "@types/react": {
          "optional": true
        },
        "@types/react-dom": {
          "optional": true
        }
      }
    },
    "node_modules/@radix-ui/react-presence": {
      "version": "1.1.5",
      "resolved": "https://registry.npmjs.org/@radix-ui/react-presence/-/react-presence-1.1.5.tgz",
      "integrity": "sha512-/jfEwNDdQVBCNvjkGit4h6pMOzq8bHkopq458dPt2lMjx+eBQUohZNG9A7DtO/O5ukSbxuaNGXMjHicgwy6rQQ==",
      "dev": true,
      "license": "MIT",
      "dependencies": {
        "@radix-ui/react-compose-refs": "1.1.2",
        "@radix-ui/react-use-layout-effect": "1.1.1"
      },
      "peerDependencies": {
        "@types/react": "*",
        "@types/react-dom": "*",
        "react": "^16.8 || ^17.0 || ^18.0 || ^19.0 || ^19.0.0-rc",
        "react-dom": "^16.8 || ^17.0 || ^18.0 || ^19.0 || ^19.0.0-rc"
      },
      "peerDependenciesMeta": {
        "@types/react": {
          "optional": true
        },
        "@types/react-dom": {
          "optional": true
        }
      }
    },
    "node_modules/@radix-ui/react-primitive": {
      "version": "2.1.3",
      "resolved": "https://registry.npmjs.org/@radix-ui/react-primitive/-/react-primitive-2.1.3.tgz",
      "integrity": "sha512-m9gTwRkhy2lvCPe6QJp4d3G1TYEUHn/FzJUtq9MjH46an1wJU+GdoGC5VLof8RX8Ft/DlpshApkhswDLZzHIcQ==",
      "dev": true,
      "license": "MIT",
      "dependencies": {
        "@radix-ui/react-slot": "1.2.3"
      },
      "peerDependencies": {
        "@types/react": "*",
        "@types/react-dom": "*",
        "react": "^16.8 || ^17.0 || ^18.0 || ^19.0 || ^19.0.0-rc",
        "react-dom": "^16.8 || ^17.0 || ^18.0 || ^19.0 || ^19.0.0-rc"
      },
      "peerDependenciesMeta": {
        "@types/react": {
          "optional": true
        },
        "@types/react-dom": {
          "optional": true
        }
      }
    },
    "node_modules/@radix-ui/react-slot": {
      "version": "1.2.3",
      "resolved": "https://registry.npmjs.org/@radix-ui/react-slot/-/react-slot-1.2.3.tgz",
      "integrity": "sha512-aeNmHnBxbi2St0au6VBVC7JXFlhLlOnvIIlePNniyUNAClzmtAUEY8/pBiK3iHjufOlwA+c20/8jngo7xcrg8A==",
      "dev": true,
      "license": "MIT",
      "dependencies": {
        "@radix-ui/react-compose-refs": "1.1.2"
      },
      "peerDependencies": {
        "@types/react": "*",
        "react": "^16.8 || ^17.0 || ^18.0 || ^19.0 || ^19.0.0-rc"
      },
      "peerDependenciesMeta": {
        "@types/react": {
          "optional": true
        }
      }
    },
    "node_modules/@radix-ui/react-use-callback-ref": {
      "version": "1.1.1",
      "resolved": "https://registry.npmjs.org/@radix-ui/react-use-callback-ref/-/react-use-callback-ref-1.1.1.tgz",
      "integrity": "sha512-FkBMwD+qbGQeMu1cOHnuGB6x4yzPjho8ap5WtbEJ26umhgqVXbhekKUQO+hZEL1vU92a3wHwdp0HAcqAUF5iDg==",
      "dev": true,
      "license": "MIT",
      "peerDependencies": {
        "@types/react": "*",
        "react": "^16.8 || ^17.0 || ^18.0 || ^19.0 || ^19.0.0-rc"
      },
      "peerDependenciesMeta": {
        "@types/react": {
          "optional": true
        }
      }
    },
    "node_modules/@radix-ui/react-use-controllable-state": {
      "version": "1.2.2",
      "resolved": "https://registry.npmjs.org/@radix-ui/react-use-controllable-state/-/react-use-controllable-state-1.2.2.tgz",
      "integrity": "sha512-BjasUjixPFdS+NKkypcyyN5Pmg83Olst0+c6vGov0diwTEo6mgdqVR6hxcEgFuh4QrAs7Rc+9KuGJ9TVCj0Zzg==",
      "dev": true,
      "license": "MIT",
      "dependencies": {
        "@radix-ui/react-use-effect-event": "0.0.2",
        "@radix-ui/react-use-layout-effect": "1.1.1"
      },
      "peerDependencies": {
        "@types/react": "*",
        "react": "^16.8 || ^17.0 || ^18.0 || ^19.0 || ^19.0.0-rc"
      },
      "peerDependenciesMeta": {
        "@types/react": {
          "optional": true
        }
      }
    },
    "node_modules/@radix-ui/react-use-effect-event": {
      "version": "0.0.2",
      "resolved": "https://registry.npmjs.org/@radix-ui/react-use-effect-event/-/react-use-effect-event-0.0.2.tgz",
      "integrity": "sha512-Qp8WbZOBe+blgpuUT+lw2xheLP8q0oatc9UpmiemEICxGvFLYmHm9QowVZGHtJlGbS6A6yJ3iViad/2cVjnOiA==",
      "dev": true,
      "license": "MIT",
      "dependencies": {
        "@radix-ui/react-use-layout-effect": "1.1.1"
      },
      "peerDependencies": {
        "@types/react": "*",
        "react": "^16.8 || ^17.0 || ^18.0 || ^19.0 || ^19.0.0-rc"
      },
      "peerDependenciesMeta": {
        "@types/react": {
          "optional": true
        }
      }
    },
    "node_modules/@radix-ui/react-use-escape-keydown": {
      "version": "1.1.1",
      "resolved": "https://registry.npmjs.org/@radix-ui/react-use-escape-keydown/-/react-use-escape-keydown-1.1.1.tgz",
      "integrity": "sha512-Il0+boE7w/XebUHyBjroE+DbByORGR9KKmITzbR7MyQ4akpORYP/ZmbhAr0DG7RmmBqoOnZdy2QlvajJ2QA59g==",
      "dev": true,
      "license": "MIT",
      "dependencies": {
        "@radix-ui/react-use-callback-ref": "1.1.1"
      },
      "peerDependencies": {
        "@types/react": "*",
        "react": "^16.8 || ^17.0 || ^18.0 || ^19.0 || ^19.0.0-rc"
      },
      "peerDependenciesMeta": {
        "@types/react": {
          "optional": true
        }
      }
    },
    "node_modules/@radix-ui/react-use-layout-effect": {
      "version": "1.1.1",
      "resolved": "https://registry.npmjs.org/@radix-ui/react-use-layout-effect/-/react-use-layout-effect-1.1.1.tgz",
      "integrity": "sha512-RbJRS4UWQFkzHTTwVymMTUv8EqYhOp8dOOviLj2ugtTiXRaRQS7GLGxZTLL1jWhMeoSCf5zmcZkqTl9IiYfXcQ==",
      "dev": true,
      "license": "MIT",
      "peerDependencies": {
        "@types/react": "*",
        "react": "^16.8 || ^17.0 || ^18.0 || ^19.0 || ^19.0.0-rc"
      },
      "peerDependenciesMeta": {
        "@types/react": {
          "optional": true
        }
      }
    },
    "node_modules/@radix-ui/react-use-rect": {
      "version": "1.1.1",
      "resolved": "https://registry.npmjs.org/@radix-ui/react-use-rect/-/react-use-rect-1.1.1.tgz",
      "integrity": "sha512-QTYuDesS0VtuHNNvMh+CjlKJ4LJickCMUAqjlE3+j8w+RlRpwyX3apEQKGFzbZGdo7XNG1tXa+bQqIE7HIXT2w==",
      "dev": true,
      "license": "MIT",
      "dependencies": {
        "@radix-ui/rect": "1.1.1"
      },
      "peerDependencies": {
        "@types/react": "*",
        "react": "^16.8 || ^17.0 || ^18.0 || ^19.0 || ^19.0.0-rc"
      },
      "peerDependenciesMeta": {
        "@types/react": {
          "optional": true
        }
      }
    },
    "node_modules/@radix-ui/react-use-size": {
      "version": "1.1.1",
      "resolved": "https://registry.npmjs.org/@radix-ui/react-use-size/-/react-use-size-1.1.1.tgz",
      "integrity": "sha512-ewrXRDTAqAXlkl6t/fkXWNAhFX9I+CkKlw6zjEwk86RSPKwZr3xpBRso655aqYafwtnbpHLj6toFzmd6xdVptQ==",
      "dev": true,
      "license": "MIT",
      "dependencies": {
        "@radix-ui/react-use-layout-effect": "1.1.1"
      },
      "peerDependencies": {
        "@types/react": "*",
        "react": "^16.8 || ^17.0 || ^18.0 || ^19.0 || ^19.0.0-rc"
      },
      "peerDependenciesMeta": {
        "@types/react": {
          "optional": true
        }
      }
    },
    "node_modules/@radix-ui/rect": {
      "version": "1.1.1",
      "resolved": "https://registry.npmjs.org/@radix-ui/rect/-/rect-1.1.1.tgz",
      "integrity": "sha512-HPwpGIzkl28mWyZqG52jiqDJ12waP11Pa1lGoiyUkIEuMLBP0oeK/C89esbXrxsky5we7dfd8U58nm0SgAWpVw==",
      "dev": true,
      "license": "MIT"
    },
    "node_modules/@supabase/auth-js": {
      "version": "2.98.0",
      "resolved": "https://registry.npmjs.org/@supabase/auth-js/-/auth-js-2.98.0.tgz",
      "integrity": "sha512-GBH361T0peHU91AQNzOlIrjUZw9TZbB9YDRiyFgk/3Kvr3/Z1NWUZ2athWTfHhwNNi8IrW00foyFxQD9IO/Trg==",
      "dev": true,
      "license": "MIT",
      "dependencies": {
        "tslib": "2.8.1"
      },
      "engines": {
        "node": ">=20.0.0"
      }
    },
    "node_modules/@supabase/functions-js": {
      "version": "2.98.0",
      "resolved": "https://registry.npmjs.org/@supabase/functions-js/-/functions-js-2.98.0.tgz",
      "integrity": "sha512-N/xEyiNU5Org+d+PNCpv+TWniAXRzxIURxDYsS/m2I/sfAB/HcM9aM2Dmf5edj5oWb9GxID1OBaZ8NMmPXL+Lg==",
      "dev": true,
      "license": "MIT",
      "dependencies": {
        "tslib": "2.8.1"
      },
      "engines": {
        "node": ">=20.0.0"
      }
    },
    "node_modules/@supabase/postgrest-js": {
      "version": "2.98.0",
      "resolved": "https://registry.npmjs.org/@supabase/postgrest-js/-/postgrest-js-2.98.0.tgz",
      "integrity": "sha512-v6e9WeZuJijzUut8HyXu6gMqWFepIbaeaMIm1uKzei4yLg9bC9OtEW9O14LE/9ezqNbSAnSLO5GtOLFdm7Bpkg==",
      "dev": true,
      "license": "MIT",
      "dependencies": {
        "tslib": "2.8.1"
      },
      "engines": {
        "node": ">=20.0.0"
      }
    },
    "node_modules/@supabase/realtime-js": {
      "version": "2.98.0",
      "resolved": "https://registry.npmjs.org/@supabase/realtime-js/-/realtime-js-2.98.0.tgz",
      "integrity": "sha512-rOWt28uGyFipWOSd+n0WVMr9kUXiWaa7J4hvyLCIHjRFqWm1z9CaaKAoYyfYMC1Exn3WT8WePCgiVhlAtWC2yw==",
      "dev": true,
      "license": "MIT",
      "dependencies": {
        "@types/phoenix": "^1.6.6",
        "@types/ws": "^8.18.1",
        "tslib": "2.8.1",
        "ws": "^8.18.2"
      },
      "engines": {
        "node": ">=20.0.0"
      }
    },
    "node_modules/@supabase/storage-js": {
      "version": "2.98.0",
      "resolved": "https://registry.npmjs.org/@supabase/storage-js/-/storage-js-2.98.0.tgz",
      "integrity": "sha512-tzr2mG+v7ILSAZSfZMSL9OPyIH4z1ikgQ8EcQTKfMRz4EwmlFt3UnJaGzSOxyvF5b+fc9So7qdSUWTqGgeLokQ==",
      "dev": true,
      "license": "MIT",
      "dependencies": {
        "iceberg-js": "^0.8.1",
        "tslib": "2.8.1"
      },
      "engines": {
        "node": ">=20.0.0"
      }
    },
    "node_modules/@supabase/supabase-js": {
      "version": "2.98.0",
      "resolved": "https://registry.npmjs.org/@supabase/supabase-js/-/supabase-js-2.98.0.tgz",
      "integrity": "sha512-Ohc97CtInLwZyiSASz7tT9/Abm/vqnIbO9REp+PivVUII8UZsuI3bngRQnYgJdFoOIwvaEII1fX1qy8x0CyNiw==",
      "dev": true,
      "license": "MIT",
      "dependencies": {
        "@supabase/auth-js": "2.98.0",
        "@supabase/functions-js": "2.98.0",
        "@supabase/postgrest-js": "2.98.0",
        "@supabase/realtime-js": "2.98.0",
        "@supabase/storage-js": "2.98.0"
      },
      "engines": {
        "node": ">=20.0.0"
      }
    },
    "node_modules/@tanstack/query-core": {
      "version": "5.90.20",
      "resolved": "https://registry.npmjs.org/@tanstack/query-core/-/query-core-5.90.20.tgz",
      "integrity": "sha512-OMD2HLpNouXEfZJWcKeVKUgQ5n+n3A2JFmBaScpNDUqSrQSjiveC7dKMe53uJUg1nDG16ttFPz2xfilz6i2uVg==",
      "dev": true,
      "license": "MIT",
      "funding": {
        "type": "github",
        "url": "https://github.com/sponsors/tannerlinsley"
      }
    },
    "node_modules/@tanstack/react-query": {
      "version": "5.90.21",
      "resolved": "https://registry.npmjs.org/@tanstack/react-query/-/react-query-5.90.21.tgz",
      "integrity": "sha512-0Lu6y5t+tvlTJMTO7oh5NSpJfpg/5D41LlThfepTixPYkJ0sE2Jj0m0f6yYqujBwIXlId87e234+MxG3D3g7kg==",
      "dev": true,
      "license": "MIT",
      "dependencies": {
        "@tanstack/query-core": "5.90.20"
      },
      "funding": {
        "type": "github",
        "url": "https://github.com/sponsors/tannerlinsley"
      },
      "peerDependencies": {
        "react": "^18 || ^19"
      }
    },
    "node_modules/@types/node": {
      "version": "25.3.2",
      "resolved": "https://registry.npmjs.org/@types/node/-/node-25.3.2.tgz",
      "integrity": "sha512-RpV6r/ij22zRRdyBPcxDeKAzH43phWVKEjL2iksqo1Vz3CuBUrgmPpPhALKiRfU7OMCmeeO9vECBMsV0hMTG8Q==",
      "dev": true,
      "license": "MIT",
      "dependencies": {
        "undici-types": "~7.18.0"
      }
    },
    "node_modules/@types/phoenix": {
      "version": "1.6.7",
      "resolved": "https://registry.npmjs.org/@types/phoenix/-/phoenix-1.6.7.tgz",
      "integrity": "sha512-oN9ive//QSBkf19rfDv45M7eZPi0eEXylht2OLEXicu5b4KoQ1OzXIw+xDSGWxSxe1JmepRR/ZH283vsu518/Q==",
      "dev": true,
      "license": "MIT"
    },
    "node_modules/@types/ws": {
      "version": "8.18.1",
      "resolved": "https://registry.npmjs.org/@types/ws/-/ws-8.18.1.tgz",
      "integrity": "sha512-ThVF6DCVhA8kUGy+aazFQ4kXQ7E1Ty7A3ypFOe0IcJV8O/M511G99AW24irKrW56Wt44yG9+ij8FaqoBGkuBXg==",
      "dev": true,
      "license": "MIT",
      "dependencies": {
        "@types/node": "*"
      }
    },
    "node_modules/framer-motion": {
      "version": "12.34.3",
      "resolved": "https://registry.npmjs.org/framer-motion/-/framer-motion-12.34.3.tgz",
      "integrity": "sha512-v81ecyZKYO/DfpTwHivqkxSUBzvceOpoI+wLfgCgoUIKxlFKEXdg0oR9imxwXumT4SFy8vRk9xzJ5l3/Du/55Q==",
      "dev": true,
      "license": "MIT",
      "dependencies": {
        "motion-dom": "^12.34.3",
        "motion-utils": "^12.29.2",
        "tslib": "^2.4.0"
      },
      "peerDependencies": {
        "@emotion/is-prop-valid": "*",
        "react": "^18.0.0 || ^19.0.0",
        "react-dom": "^18.0.0 || ^19.0.0"
      },
      "peerDependenciesMeta": {
        "@emotion/is-prop-valid": {
          "optional": true
        },
        "react": {
          "optional": true
        },
        "react-dom": {
          "optional": true
        }
      }
    },
    "node_modules/iceberg-js": {
      "version": "0.8.1",
      "resolved": "https://registry.npmjs.org/iceberg-js/-/iceberg-js-0.8.1.tgz",
      "integrity": "sha512-1dhVQZXhcHje7798IVM+xoo/1ZdVfzOMIc8/rgVSijRK38EDqOJoGula9N/8ZI5RD8QTxNQtK/Gozpr+qUqRRA==",
      "dev": true,
      "license": "MIT",
      "engines": {
        "node": ">=20.0.0"
      }
    },
    "node_modules/motion-dom": {
      "version": "12.34.3",
      "resolved": "https://registry.npmjs.org/motion-dom/-/motion-dom-12.34.3.tgz",
      "integrity": "sha512-sYgFe+pR9aIM7o4fhs2aXtOI+oqlUd33N9Yoxcgo1Fv7M20sRkHtCmzE/VRNIcq7uNJ+qio+Xubt1FXH3pQ+eQ==",
      "dev": true,
      "license": "MIT",
      "dependencies": {
        "motion-utils": "^12.29.2"
      }
    },
    "node_modules/motion-utils": {
      "version": "12.29.2",
      "resolved": "https://registry.npmjs.org/motion-utils/-/motion-utils-12.29.2.tgz",
      "integrity": "sha512-G3kc34H2cX2gI63RqU+cZq+zWRRPSsNIOjpdl9TN4AQwC4sgwYPl/Q/Obf/d53nOm569T0fYK+tcoSV50BWx8A==",
      "dev": true,
      "license": "MIT"
    },
    "node_modules/qss": {
      "version": "3.0.0",
      "resolved": "https://registry.npmjs.org/qss/-/qss-3.0.0.tgz",
      "integrity": "sha512-ZHoCB3M/3Voev64zhLLUOKDtaEdJ/lymsJJ7R3KBusVZ2ovNiIB7XOq3Xh6V1a8O+Vho+g2B5YElq9zW7D8aQw==",
      "dev": true,
      "license": "MIT",
      "engines": {
        "node": ">=4"
      }
    },
    "node_modules/react": {
      "version": "19.2.4",
      "resolved": "https://registry.npmjs.org/react/-/react-19.2.4.tgz",
      "integrity": "sha512-9nfp2hYpCwOjAN+8TZFGhtWEwgvWHXqESH8qT89AT/lWklpLON22Lc8pEtnpsZz7VmawabSU0gCjnj8aC0euHQ==",
      "dev": true,
      "license": "MIT",
      "peer": true,
      "engines": {
        "node": ">=0.10.0"
      }
    },
    "node_modules/react-dom": {
      "version": "19.2.4",
      "resolved": "https://registry.npmjs.org/react-dom/-/react-dom-19.2.4.tgz",
      "integrity": "sha512-AXJdLo8kgMbimY95O2aKQqsz2iWi9jMgKJhRBAxECE4IFxfcazB2LmzloIoibJI3C12IlY20+KFaLv+71bUJeQ==",
      "dev": true,
      "license": "MIT",
      "peer": true,
      "dependencies": {
        "scheduler": "^0.27.0"
      },
      "peerDependencies": {
        "react": "^19.2.4"
      }
    },
    "node_modules/scheduler": {
      "version": "0.27.0",
      "resolved": "https://registry.npmjs.org/scheduler/-/scheduler-0.27.0.tgz",
      "integrity": "sha512-eNv+WrVbKu1f3vbYJT/xtiF5syA5HPIMtf9IgY/nKg0sWqzAUEvqY/xm7OcZc/qafLx/iO9FgOmeSAp4v5ti/Q==",
      "dev": true,
      "license": "MIT",
      "peer": true
    },
    "node_modules/tslib": {
      "version": "2.8.1",
      "resolved": "https://registry.npmjs.org/tslib/-/tslib-2.8.1.tgz",
      "integrity": "sha512-oJFu94HQb+KVduSUQL7wnpmqnfmLsOA/nAh6b6EH0wCEoK0/mPeXU6c3wKDV83MkOuHPRHtSXKKU99IBazS/2w==",
      "dev": true,
      "license": "0BSD"
    },
    "node_modules/undici-types": {
      "version": "7.18.2",
      "resolved": "https://registry.npmjs.org/undici-types/-/undici-types-7.18.2.tgz",
      "integrity": "sha512-AsuCzffGHJybSaRrmr5eHr81mwJU3kjw6M+uprWvCXiNeN9SOGwQ3Jn8jb8m3Z6izVgknn1R0FTCEAP2QrLY/w==",
      "dev": true,
      "license": "MIT"
    },
    "node_modules/ws": {
      "version": "8.19.0",
      "resolved": "https://registry.npmjs.org/ws/-/ws-8.19.0.tgz",
      "integrity": "sha512-blAT2mjOEIi0ZzruJfIhb3nps74PRWTCz1IjglWEEpQl5XS/UNama6u2/rjFkDDouqr4L67ry+1aGIALViWjDg==",
      "dev": true,
      "license": "MIT",
      "engines": {
        "node": ">=10.0.0"
      },
      "peerDependencies": {
        "bufferutil": "^4.0.1",
        "utf-8-validate": ">=5.0.2"
      },
      "peerDependenciesMeta": {
        "bufferutil": {
          "optional": true
        },
        "utf-8-validate": {
          "optional": true
        }
      }
    }
  }
}
